
Microsoft Visual Studio Solution File, Format Version 12.00
# Visual Studio 15
VisualStudioVersion = 15.0.27004.2009
MinimumVisualStudioVersion = 10.0.40219.1
Project("{8BC9CEB8-8B4A-11D0-8D11-00A0C91BC942}") = "1-1 (Hallo Welt)", "GIP Projekte\GIP Projekte.vcxproj", "{4484443A-A575-43E8-96A0-538A445C016C}"
EndProject
Project("{8BC9CEB8-8B4A-11D0-8D11-00A0C91BC942}") = "2-1 (Quadratberechnung)", "2-1\2-1.vcxproj", "{DDC0C43A-9BC7-488A-9BBB-933BFF055A10}"
EndProject
Project("{8BC9CEB8-8B4A-11D0-8D11-00A0C91BC942}") = "2-2 (Stimmenberechnung)", "2-2 (Stimmenberechnung)\2-2 (Stimmenberechnung).vcxproj", "{4019E6F6-D129-4D67-A1CB-83718D9BC576}"
EndProject
Project("{8BC9CEB8-8B4A-11D0-8D11-00A0C91BC942}") = "2-3 (Uhrzeitdifferenz)", "2-3 (Uhrzeitdifferenz)\2-3 (Uhrzeitdifferenz).vcxproj", "{2BFD535E-2DD5-48A8-98EC-06C1E16FE3C6}"
EndProject
Project("{8BC9CEB8-8B4A-11D0-8D11-00A0C91BC942}") = "2-4 (Case-Change)", "2-4 (Case-Change)\2-4 (Case-Change).vcxproj", "{18BFC512-1F2C-4174-9084-2320086523B1}"
EndProject
Project("{2150E333-8FDC-42A3-9474-1A3956D46DE8}") = "Offline-Aufgaben", "Offline-Aufgaben", "{410C3D33-3E87-49F0-93FC-BB9C83F78D1A}"
EndProject
Project("{2150E333-8FDC-42A3-9474-1A3956D46DE8}") = "Praktikum", "Praktikum", "{C379BA3E-F1AA-41DC-BA40-086663E5342B}"
EndProject
Project("{8BC9CEB8-8B4A-11D0-8D11-00A0C91BC942}") = "2-1 (Position im Alphabet)", "2-1 (Position im Alphabet)\2-1 (Position im Alphabet).vcxproj", "{0E97C3B7-B832-41CC-B0B4-A23617695A73}"
EndProject
Project("{8BC9CEB8-8B4A-11D0-8D11-00A0C91BC942}") = "2-5 (Umwandlung)", "2-5 (Umwandlung)\2-5 (Umwandlung).vcxproj", "{26F67E65-B323-4CEF-9353-391D6C5960AB}"
EndProject
Project("{8BC9CEB8-8B4A-11D0-8D11-00A0C91BC942}") = "3-2 (Grüßen gemäß Tageszeit)", "3-2 (Grüßen gemäß Tageszeit)\3-2 (Grüßen gemäß Tageszeit).vcxproj", "{3CD585F0-595E-4C47-9AF8-C49CC9E4CCA6}"
EndProject
Project("{8BC9CEB8-8B4A-11D0-8D11-00A0C91BC942}") = "3-1 (Überprüfung Kleinbuchstabe)", "3-1 (Überprüfung Kleinbuchstabe)\3-1 (Überprüfung Kleinbuchstabe).vcxproj", "{2D64997F-A3B2-4EED-9EC9-DFBE718219B8}"
EndProject
Project("{8BC9CEB8-8B4A-11D0-8D11-00A0C91BC942}") = "3-1 (Vergleich von Datumsangaben)", "3-1 (Vergleich von Datumsangaben)\3-1 (Vergleich von Datumsangaben).vcxproj", "{FF45B3A0-D2D7-4BE1-9F12-44223AEB5776}"
EndProject
Project("{8BC9CEB8-8B4A-11D0-8D11-00A0C91BC942}") = "3-2 (Kleinste und größte Zahl)", "3-2 (Kleinste und größte Zahl)\3-2 (Kleinste und größte Zahl).vcxproj", "{1F3A136C-8B5F-4C84-BF31-63A7911BABBD}"
EndProject
Project("{8BC9CEB8-8B4A-11D0-8D11-00A0C91BC942}") = "3-3 (Taschenrechner mit Buchstaben- und Zahleneingabe)", "3-3 (Taschenrechner mit Buchstaben- und Zahleneingabe)\3-3 (Taschenrechner mit Buchstaben- und Zahleneingabe).vcxproj", "{2F77A09D-9881-4345-849F-49403D2C3FA3}"
EndProject
Project("{8BC9CEB8-8B4A-11D0-8D11-00A0C91BC942}") = "4-1 (Zahlenraten durch Bisektion)", "4-1\4-1.vcxproj", "{E355628B-3D13-40C0-AB0D-20FFFEDF4792}"
EndProject
Project("{8BC9CEB8-8B4A-11D0-8D11-00A0C91BC942}") = "4-2 (Caesar-Verschlüsselung)", "4-2 (Caesar-Verschlüsselung)\4-2 (Caesar-Verschlüsselung).vcxproj", "{6CF78106-B95F-4F72-8936-0B4FCD676DCA}"
EndProject
Project("{8BC9CEB8-8B4A-11D0-8D11-00A0C91BC942}") = "4-3 (Busfahrplan)", "4-3 (Busfahrplan)\4-3 (Busfahrplan).vcxproj", "{D836757C-33F9-4019-BA31-EE855D787383}"
EndProject
Project("{8BC9CEB8-8B4A-11D0-8D11-00A0C91BC942}") = "4-1 (Aufzählung rückwarts)", "4-1 (Aufzählung rückwarts)\4-1 (Aufzählung rückwarts).vcxproj", "{03849BDF-2727-4682-B3E1-6117CB20006C}"
EndProject
Project("{8BC9CEB8-8B4A-11D0-8D11-00A0C91BC942}") = "4-2 (Mehrere Aufzählungen)", "4-2 (Mehrere Aufzählungen)\4-2 (Mehrere Aufzählungen).vcxproj", "{655AFC93-0FBC-4403-8CF3-5752D70D7FCB}"
EndProject
Project("{8BC9CEB8-8B4A-11D0-8D11-00A0C91BC942}") = "4-3 (Buchstaben eines Strings)", "4-3 (Buchstaben eines Strings)\4-3 (Buchstaben eines Strings).vcxproj", "{CF615ED4-7EBB-4E9C-B09E-FC66FD99B2B3}"
EndProject
Project("{8BC9CEB8-8B4A-11D0-8D11-00A0C91BC942}") = "4-4 (String umgekehrt ausgeben)", "4-4 (String umgekehrt ausgeben)\4-4 (String umgekehrt ausgeben).vcxproj", "{0DA7BC3B-0CA1-4CCA-9675-04CEFB567C78}"
EndProject
Project("{8BC9CEB8-8B4A-11D0-8D11-00A0C91BC942}") = "4-5 (Palindrom-Erkennung)", "4-5 (Palindrom-Erkennung)\4-5 (Palindrom-Erkennung).vcxproj", "{C13B48AE-11F3-4C25-8659-FB9832E4D1EB}"
EndProject
Project("{8BC9CEB8-8B4A-11D0-8D11-00A0C91BC942}") = "4-6 (String umgekehrt ausgeben; mit Leerzeichen)", "4-6 (String umgekehrt ausgeben; mit Leerzeichen)\4-6 (String umgekehrt ausgeben; mit Leerzeichen).vcxproj", "{A4682C79-A89E-450C-9F8A-495D41B2F23D}"
EndProject
Project("{8BC9CEB8-8B4A-11D0-8D11-00A0C91BC942}") = "4-7 (Buchstabe in String finden)", "4-7 (Buchstabe in String finden)\4-7 (Buchstabe in String finden).vcxproj", "{05F4741D-72AB-4FB5-880D-A941C4E63531}"
EndProject
Project("{8BC9CEB8-8B4A-11D0-8D11-00A0C91BC942}") = "4-8 (Buchstaben in String zählen)", "4-8 (Buchstaben in String zählen)\4-8 (Buchstaben in String zählen).vcxproj", "{9A3ADA57-6F05-4F49-8645-4631194E637C}"
EndProject
Project("{8BC9CEB8-8B4A-11D0-8D11-00A0C91BC942}") = "4-9 (Buchstaben in String ersetzen)", "4-9 (Buchstaben in String ersetzen)\4-9 (Buchstaben in String ersetzen).vcxproj", "{8CEAE3E5-8F7D-4147-97D9-9905A2153491}"
EndProject
Project("{8BC9CEB8-8B4A-11D0-8D11-00A0C91BC942}") = "4-10 (Buchstaben im String umwandeln)", "4-10 (Buchstaben im String umwandeln)\4-10 (Buchstaben im String umwandeln).vcxproj", "{AA8FF715-4D5A-4EAC-A80E-8B40E713027C}"
EndProject
Project("{2150E333-8FDC-42A3-9474-1A3956D46DE8}") = "1", "1", "{E4D801CD-1A07-4F20-ABD7-8733234035B6}"
EndProject
Project("{2150E333-8FDC-42A3-9474-1A3956D46DE8}") = "2", "2", "{D84FDA84-6153-46A2-936C-EF3E864A493B}"
EndProject
Project("{2150E333-8FDC-42A3-9474-1A3956D46DE8}") = "3", "3", "{A5B2CA18-2802-4A8A-B5A4-EF53D4F8384D}"
EndProject
Project("{2150E333-8FDC-42A3-9474-1A3956D46DE8}") = "4", "4", "{306977F3-A020-4948-93D1-082ACEF59B4F}"
EndProject
Project("{2150E333-8FDC-42A3-9474-1A3956D46DE8}") = "P2", "P2", "{87772DCB-F804-4163-9D64-A773E7173EAE}"
EndProject
Project("{2150E333-8FDC-42A3-9474-1A3956D46DE8}") = "P3", "P3", "{B7E0765E-33E2-42FC-9A80-CC5679BC3ADE}"
EndProject
Project("{2150E333-8FDC-42A3-9474-1A3956D46DE8}") = "P4", "P4", "{BCDED958-7D61-426C-888B-C2F6508D0E66}"
EndProject
Project("{2150E333-8FDC-42A3-9474-1A3956D46DE8}") = "5", "5", "{C16984CD-B87E-4112-9236-EC85D022F7C5}"
EndProject
Project("{8BC9CEB8-8B4A-11D0-8D11-00A0C91BC942}") = "5-1 (Parallelogramm)", "5-1 (Parallelogramm)\5-1 (Parallelogramm).vcxproj", "{D432BF80-378B-4410-8971-DBA1285E8365}"
EndProject
Project("{8BC9CEB8-8B4A-11D0-8D11-00A0C91BC942}") = "5-2 (Eingaben in Array)", "5-2 (Eingaben in Array)\5-2 (Eingaben in Array).vcxproj", "{A0AE4805-8441-4CA1-B365-6D8527B279D0}"
EndProject
Project("{8BC9CEB8-8B4A-11D0-8D11-00A0C91BC942}") = "5-3 (Eingaben in Array; Zählen der Daten)", "5-3 (Eingaben in Array; Zählen der Daten)\5-3 (Eingaben in Array; Zählen der Daten).vcxproj", "{50BD4AB2-6348-4A1E-BD59-2A2F48176160}"
EndProject
Project("{8BC9CEB8-8B4A-11D0-8D11-00A0C91BC942}") = "5-4 (Unterschiedliche Eingaben zaehlen)", "5-4 (Unterschiedliche Eingaben zaehlen)\5-4 (Unterschiedliche Eingaben zaehlen).vcxproj", "{CF3115DF-FA17-4715-869C-5FDA67FF7746}"
EndProject
Project("{8BC9CEB8-8B4A-11D0-8D11-00A0C91BC942}") = "5-5 (Zahlziffer-Umwandlung)", "5-5 (Zahlziffer-Umwandlung)\5-5 (Zahlziffer-Umwandlung).vcxproj", "{8EBED9BF-058C-4EBA-8799-E02FE09FC223}"
EndProject
Project("{8BC9CEB8-8B4A-11D0-8D11-00A0C91BC942}") = "5-6 (Kleinste und groesste Zahl mittels Array)", "5-6 (Kleinste und groesste Zahl mittels Array)\5-6 (Kleinste und groesste Zahl mittels Array).vcxproj", "{10FF24B1-8FE3-43A1-B2D3-CF01FBDA969C}"
EndProject
Project("{8BC9CEB8-8B4A-11D0-8D11-00A0C91BC942}") = "5-7 (String-Funktion ersetze())", "5-7 (String-Funktion ersetze())\5-7 (String-Funktion ersetze()).vcxproj", "{80A3E293-4D87-485E-9B0A-85B3CC5172F9}"
EndProject
Project("{8BC9CEB8-8B4A-11D0-8D11-00A0C91BC942}") = "5-8 (String Funktion trimme())", "5-8 (String Funktion trimme())\5-8 (String Funktion trimme()).vcxproj", "{EB03484E-D2A2-45F6-B825-422A46EEB3E3}"
EndProject
Project("{2150E333-8FDC-42A3-9474-1A3956D46DE8}") = "6", "6", "{065FE6EA-E32F-4878-BD83-6F1FB916C757}"
EndProject
Project("{8BC9CEB8-8B4A-11D0-8D11-00A0C91BC942}") = "6-1 (Zeichenkette aufteilen ab)", "6-1 (Zeichenkette aufteilen ab)\6-1 (Zeichenkette aufteilen ab).vcxproj", "{1B3E936D-5402-48EA-88D2-F5FF3E12B630}"
EndProject
Project("{8BC9CEB8-8B4A-11D0-8D11-00A0C91BC942}") = "6-2 (Addition und Subtraktion rekursiv)", "6-2 (Addition und Subtraktion rekursiv)\6-2 (Addition und Subtraktion rekursiv).vcxproj", "{E7A46463-CA22-4E7D-83CA-B265CE40F1D4}"
EndProject
Project("{8BC9CEB8-8B4A-11D0-8D11-00A0C91BC942}") = "6-3 (Canvas)", "6-3 (Canvas)\6-3 (Canvas).vcxproj", "{B57336AC-027A-48C0-88AD-51BF154C9371}"
EndProject
Project("{2150E333-8FDC-42A3-9474-1A3956D46DE8}") = "Zwischentestat", "Zwischentestat", "{630B7AF8-7639-40E3-8A73-8E3503A1E850}"
EndProject
Project("{8BC9CEB8-8B4A-11D0-8D11-00A0C91BC942}") = "A1 (Begruessung Name)", "Aufgabe 1\Aufgabe 1.vcxproj", "{DCB91628-963B-4987-B358-A41C73D3D022}"
EndProject
Project("{8BC9CEB8-8B4A-11D0-8D11-00A0C91BC942}") = "A2 (Rechteck zeichnen)", "A2 (Rechteck zeichnen)\A2 (Rechteck zeichnen).vcxproj", "{5B18E9D2-1427-495F-BA37-60AEA4CE0771}"
EndProject
Project("{8BC9CEB8-8B4A-11D0-8D11-00A0C91BC942}") = "A3 (Parallelogram zeichnen)", "A3 (Parallelogram zeichnen)\A3 (Parallelogram zeichnen).vcxproj", "{2DFBDFFF-0F06-4D21-8E0F-C3E9269A0431}"
EndProject
Project("{8BC9CEB8-8B4A-11D0-8D11-00A0C91BC942}") = "A4 (Letzte Ziffer einer Ganzzahl)", "A3 (Letzte Ziffer einer Ganzzahl)\A3 (Letzte Ziffer einer Ganzzahl).vcxproj", "{CA561850-72EC-4BBA-A048-245D90A29F57}"
EndProject
Project("{8BC9CEB8-8B4A-11D0-8D11-00A0C91BC942}") = "A7 (Wort, Zeichen, Zahl)", "A7 (Wort, Zeichen, Zahl)\A7 (Wort, Zeichen, Zahl).vcxproj", "{606A6D59-128A-466B-B3BC-E03AA07A9E17}"
EndProject
Project("{8BC9CEB8-8B4A-11D0-8D11-00A0C91BC942}") = "A18 (Einmaleins-Tabelle)", "A18 (Einmaleins-Tabelle)\A18 (Einmaleins-Tabelle).vcxproj", "{739E5E3B-FD58-40C5-A9C3-9BB1D61D7B05}"
EndProject
Project("{2150E333-8FDC-42A3-9474-1A3956D46DE8}") = "P6", "P6", "{CE14E0C7-B27F-4A4C-8247-380A757A1C8C}"
EndProject
Project("{8BC9CEB8-8B4A-11D0-8D11-00A0C91BC942}") = "6-1 (Saeulendiagramm)", "6-1 (Saeulendiagramm)\6-1 (Saeulendiagramm).vcxproj", "{6035D8B1-679D-4AD0-A3A5-63682B73CC78}"
EndProject
Project("{8BC9CEB8-8B4A-11D0-8D11-00A0C91BC942}") = "6-2 (Worte spiegeln interaktiv)", "6-2 (Worte spiegeln interaktiv)\6-2 (Worte spiegeln interaktiv).vcxproj", "{2A740CFE-6D0B-409E-A27C-BE7ABE01DFAA}"
EndProject
Project("{8BC9CEB8-8B4A-11D0-8D11-00A0C91BC942}") = "6-3 (Animation)", "6-3 (Animation)\6-3 (Animation).vcxproj", "{5494FD89-166A-4EBD-8DED-81C47FB7D0AC}"
EndProject
Project("{2150E333-8FDC-42A3-9474-1A3956D46DE8}") = "P7", "P7", "{BF359756-97AC-4EFB-9D4F-07D85DB39474}"
EndProject
Project("{8BC9CEB8-8B4A-11D0-8D11-00A0C91BC942}") = "7-1 (Sudoku einlesen)", "7-1 (Sudoku einlesen)\7-1 (Sudoku einlesen).vcxproj", "{E33FBBB4-96EB-45E0-BD94-E5F62B1C8E24}"
EndProject
Project("{8BC9CEB8-8B4A-11D0-8D11-00A0C91BC942}") = "7-2 (Websitendatei erstellen)", "7-2 (Websitendatei erstellen)\7-2 (Websitendatei erstellen).vcxproj", "{D5FBE21D-C809-4758-ACB3-6ECB8B7C100A}"
EndProject
Project("{2150E333-8FDC-42A3-9474-1A3956D46DE8}") = "8", "8", "{85FC4540-BFB2-43EF-BE38-602A660CAA55}"
EndProject
Project("{8BC9CEB8-8B4A-11D0-8D11-00A0C91BC942}") = "8-1 (Text rechtsbündig)", "8-1 (Text rechtsbündig)\8-1 (Text rechtsbündig).vcxproj", "{2A62BE52-53A0-47AC-8894-4431442B745A}"
EndProject
Project("{2150E333-8FDC-42A3-9474-1A3956D46DE8}") = "P8", "P8", "{5728D5B4-601A-4EF6-B8F2-9A1B75C45710}"
EndProject
Project("{8BC9CEB8-8B4A-11D0-8D11-00A0C91BC942}") = "P8-1 (Regnende Kaestchen)", "P8-1 (Regnende Kaestchen)\P8-1 (Regnende Kaestchen).vcxproj", "{57B5B8B5-411C-4400-8AF7-0251CD422FA3}"
EndProject
Project("{8BC9CEB8-8B4A-11D0-8D11-00A0C91BC942}") = "P8-2 (Sudoku pruefen)", "P8-2 (Sudoku pruefen)\P8-2 (Sudoku pruefen).vcxproj", "{FCD42439-741A-4C59-A3BF-FB73292EA597}"
EndProject
Project("{8BC9CEB8-8B4A-11D0-8D11-00A0C91BC942}") = "8-2 (Wort ausgeben über einen Pointer)", "8-2 (Wort ausgeben über einen Pointer)\8-2 (Wort ausgeben über einen Pointer).vcxproj", "{C1DD6529-423A-4422-BA15-5B0481647ABC}"
EndProject
Project("{8BC9CEB8-8B4A-11D0-8D11-00A0C91BC942}") = "8-3 (Morse Alphabet)", "8-3 (Morse Alphabet)\8-3 (Morse Alphabet).vcxproj", "{793AA063-CCFD-46E1-8DF8-27FDD4052868}"
EndProject
Global
	GlobalSection(SolutionConfigurationPlatforms) = preSolution
		Debug|x64 = Debug|x64
		Debug|x86 = Debug|x86
		Release|x64 = Release|x64
		Release|x86 = Release|x86
	EndGlobalSection
	GlobalSection(ProjectConfigurationPlatforms) = postSolution
		{4484443A-A575-43E8-96A0-538A445C016C}.Debug|x64.ActiveCfg = Debug|x64
		{4484443A-A575-43E8-96A0-538A445C016C}.Debug|x64.Build.0 = Debug|x64
		{4484443A-A575-43E8-96A0-538A445C016C}.Debug|x86.ActiveCfg = Debug|Win32
		{4484443A-A575-43E8-96A0-538A445C016C}.Debug|x86.Build.0 = Debug|Win32
		{4484443A-A575-43E8-96A0-538A445C016C}.Release|x64.ActiveCfg = Release|x64
		{4484443A-A575-43E8-96A0-538A445C016C}.Release|x64.Build.0 = Release|x64
		{4484443A-A575-43E8-96A0-538A445C016C}.Release|x86.ActiveCfg = Release|Win32
		{4484443A-A575-43E8-96A0-538A445C016C}.Release|x86.Build.0 = Release|Win32
		{DDC0C43A-9BC7-488A-9BBB-933BFF055A10}.Debug|x64.ActiveCfg = Debug|x64
		{DDC0C43A-9BC7-488A-9BBB-933BFF055A10}.Debug|x64.Build.0 = Debug|x64
		{DDC0C43A-9BC7-488A-9BBB-933BFF055A10}.Debug|x86.ActiveCfg = Debug|Win32
		{DDC0C43A-9BC7-488A-9BBB-933BFF055A10}.Debug|x86.Build.0 = Debug|Win32
		{DDC0C43A-9BC7-488A-9BBB-933BFF055A10}.Release|x64.ActiveCfg = Release|x64
		{DDC0C43A-9BC7-488A-9BBB-933BFF055A10}.Release|x64.Build.0 = Release|x64
		{DDC0C43A-9BC7-488A-9BBB-933BFF055A10}.Release|x86.ActiveCfg = Release|Win32
		{DDC0C43A-9BC7-488A-9BBB-933BFF055A10}.Release|x86.Build.0 = Release|Win32
		{4019E6F6-D129-4D67-A1CB-83718D9BC576}.Debug|x64.ActiveCfg = Debug|x64
		{4019E6F6-D129-4D67-A1CB-83718D9BC576}.Debug|x64.Build.0 = Debug|x64
		{4019E6F6-D129-4D67-A1CB-83718D9BC576}.Debug|x86.ActiveCfg = Debug|Win32
		{4019E6F6-D129-4D67-A1CB-83718D9BC576}.Debug|x86.Build.0 = Debug|Win32
		{4019E6F6-D129-4D67-A1CB-83718D9BC576}.Release|x64.ActiveCfg = Release|x64
		{4019E6F6-D129-4D67-A1CB-83718D9BC576}.Release|x64.Build.0 = Release|x64
		{4019E6F6-D129-4D67-A1CB-83718D9BC576}.Release|x86.ActiveCfg = Release|Win32
		{4019E6F6-D129-4D67-A1CB-83718D9BC576}.Release|x86.Build.0 = Release|Win32
		{2BFD535E-2DD5-48A8-98EC-06C1E16FE3C6}.Debug|x64.ActiveCfg = Debug|x64
		{2BFD535E-2DD5-48A8-98EC-06C1E16FE3C6}.Debug|x64.Build.0 = Debug|x64
		{2BFD535E-2DD5-48A8-98EC-06C1E16FE3C6}.Debug|x86.ActiveCfg = Debug|Win32
		{2BFD535E-2DD5-48A8-98EC-06C1E16FE3C6}.Debug|x86.Build.0 = Debug|Win32
		{2BFD535E-2DD5-48A8-98EC-06C1E16FE3C6}.Release|x64.ActiveCfg = Release|x64
		{2BFD535E-2DD5-48A8-98EC-06C1E16FE3C6}.Release|x64.Build.0 = Release|x64
		{2BFD535E-2DD5-48A8-98EC-06C1E16FE3C6}.Release|x86.ActiveCfg = Release|Win32
		{2BFD535E-2DD5-48A8-98EC-06C1E16FE3C6}.Release|x86.Build.0 = Release|Win32
		{18BFC512-1F2C-4174-9084-2320086523B1}.Debug|x64.ActiveCfg = Debug|x64
		{18BFC512-1F2C-4174-9084-2320086523B1}.Debug|x64.Build.0 = Debug|x64
		{18BFC512-1F2C-4174-9084-2320086523B1}.Debug|x86.ActiveCfg = Debug|Win32
		{18BFC512-1F2C-4174-9084-2320086523B1}.Debug|x86.Build.0 = Debug|Win32
		{18BFC512-1F2C-4174-9084-2320086523B1}.Release|x64.ActiveCfg = Release|x64
		{18BFC512-1F2C-4174-9084-2320086523B1}.Release|x64.Build.0 = Release|x64
		{18BFC512-1F2C-4174-9084-2320086523B1}.Release|x86.ActiveCfg = Release|Win32
		{18BFC512-1F2C-4174-9084-2320086523B1}.Release|x86.Build.0 = Release|Win32
		{0E97C3B7-B832-41CC-B0B4-A23617695A73}.Debug|x64.ActiveCfg = Debug|x64
		{0E97C3B7-B832-41CC-B0B4-A23617695A73}.Debug|x64.Build.0 = Debug|x64
		{0E97C3B7-B832-41CC-B0B4-A23617695A73}.Debug|x86.ActiveCfg = Debug|Win32
		{0E97C3B7-B832-41CC-B0B4-A23617695A73}.Debug|x86.Build.0 = Debug|Win32
		{0E97C3B7-B832-41CC-B0B4-A23617695A73}.Release|x64.ActiveCfg = Release|x64
		{0E97C3B7-B832-41CC-B0B4-A23617695A73}.Release|x64.Build.0 = Release|x64
		{0E97C3B7-B832-41CC-B0B4-A23617695A73}.Release|x86.ActiveCfg = Release|Win32
		{0E97C3B7-B832-41CC-B0B4-A23617695A73}.Release|x86.Build.0 = Release|Win32
		{26F67E65-B323-4CEF-9353-391D6C5960AB}.Debug|x64.ActiveCfg = Debug|x64
		{26F67E65-B323-4CEF-9353-391D6C5960AB}.Debug|x64.Build.0 = Debug|x64
		{26F67E65-B323-4CEF-9353-391D6C5960AB}.Debug|x86.ActiveCfg = Debug|Win32
		{26F67E65-B323-4CEF-9353-391D6C5960AB}.Debug|x86.Build.0 = Debug|Win32
		{26F67E65-B323-4CEF-9353-391D6C5960AB}.Release|x64.ActiveCfg = Release|x64
		{26F67E65-B323-4CEF-9353-391D6C5960AB}.Release|x64.Build.0 = Release|x64
		{26F67E65-B323-4CEF-9353-391D6C5960AB}.Release|x86.ActiveCfg = Release|Win32
		{26F67E65-B323-4CEF-9353-391D6C5960AB}.Release|x86.Build.0 = Release|Win32
		{3CD585F0-595E-4C47-9AF8-C49CC9E4CCA6}.Debug|x64.ActiveCfg = Debug|x64
		{3CD585F0-595E-4C47-9AF8-C49CC9E4CCA6}.Debug|x64.Build.0 = Debug|x64
		{3CD585F0-595E-4C47-9AF8-C49CC9E4CCA6}.Debug|x86.ActiveCfg = Debug|Win32
		{3CD585F0-595E-4C47-9AF8-C49CC9E4CCA6}.Debug|x86.Build.0 = Debug|Win32
		{3CD585F0-595E-4C47-9AF8-C49CC9E4CCA6}.Release|x64.ActiveCfg = Release|x64
		{3CD585F0-595E-4C47-9AF8-C49CC9E4CCA6}.Release|x64.Build.0 = Release|x64
		{3CD585F0-595E-4C47-9AF8-C49CC9E4CCA6}.Release|x86.ActiveCfg = Release|Win32
		{3CD585F0-595E-4C47-9AF8-C49CC9E4CCA6}.Release|x86.Build.0 = Release|Win32
		{2D64997F-A3B2-4EED-9EC9-DFBE718219B8}.Debug|x64.ActiveCfg = Debug|x64
		{2D64997F-A3B2-4EED-9EC9-DFBE718219B8}.Debug|x64.Build.0 = Debug|x64
		{2D64997F-A3B2-4EED-9EC9-DFBE718219B8}.Debug|x86.ActiveCfg = Debug|Win32
		{2D64997F-A3B2-4EED-9EC9-DFBE718219B8}.Debug|x86.Build.0 = Debug|Win32
		{2D64997F-A3B2-4EED-9EC9-DFBE718219B8}.Release|x64.ActiveCfg = Release|x64
		{2D64997F-A3B2-4EED-9EC9-DFBE718219B8}.Release|x64.Build.0 = Release|x64
		{2D64997F-A3B2-4EED-9EC9-DFBE718219B8}.Release|x86.ActiveCfg = Release|Win32
		{2D64997F-A3B2-4EED-9EC9-DFBE718219B8}.Release|x86.Build.0 = Release|Win32
		{FF45B3A0-D2D7-4BE1-9F12-44223AEB5776}.Debug|x64.ActiveCfg = Debug|x64
		{FF45B3A0-D2D7-4BE1-9F12-44223AEB5776}.Debug|x64.Build.0 = Debug|x64
		{FF45B3A0-D2D7-4BE1-9F12-44223AEB5776}.Debug|x86.ActiveCfg = Debug|Win32
		{FF45B3A0-D2D7-4BE1-9F12-44223AEB5776}.Debug|x86.Build.0 = Debug|Win32
		{FF45B3A0-D2D7-4BE1-9F12-44223AEB5776}.Release|x64.ActiveCfg = Release|x64
		{FF45B3A0-D2D7-4BE1-9F12-44223AEB5776}.Release|x64.Build.0 = Release|x64
		{FF45B3A0-D2D7-4BE1-9F12-44223AEB5776}.Release|x86.ActiveCfg = Release|Win32
		{FF45B3A0-D2D7-4BE1-9F12-44223AEB5776}.Release|x86.Build.0 = Release|Win32
		{1F3A136C-8B5F-4C84-BF31-63A7911BABBD}.Debug|x64.ActiveCfg = Debug|x64
		{1F3A136C-8B5F-4C84-BF31-63A7911BABBD}.Debug|x64.Build.0 = Debug|x64
		{1F3A136C-8B5F-4C84-BF31-63A7911BABBD}.Debug|x86.ActiveCfg = Debug|Win32
		{1F3A136C-8B5F-4C84-BF31-63A7911BABBD}.Debug|x86.Build.0 = Debug|Win32
		{1F3A136C-8B5F-4C84-BF31-63A7911BABBD}.Release|x64.ActiveCfg = Release|x64
		{1F3A136C-8B5F-4C84-BF31-63A7911BABBD}.Release|x64.Build.0 = Release|x64
		{1F3A136C-8B5F-4C84-BF31-63A7911BABBD}.Release|x86.ActiveCfg = Release|Win32
		{1F3A136C-8B5F-4C84-BF31-63A7911BABBD}.Release|x86.Build.0 = Release|Win32
		{2F77A09D-9881-4345-849F-49403D2C3FA3}.Debug|x64.ActiveCfg = Debug|x64
		{2F77A09D-9881-4345-849F-49403D2C3FA3}.Debug|x64.Build.0 = Debug|x64
		{2F77A09D-9881-4345-849F-49403D2C3FA3}.Debug|x86.ActiveCfg = Debug|Win32
		{2F77A09D-9881-4345-849F-49403D2C3FA3}.Debug|x86.Build.0 = Debug|Win32
		{2F77A09D-9881-4345-849F-49403D2C3FA3}.Release|x64.ActiveCfg = Release|x64
		{2F77A09D-9881-4345-849F-49403D2C3FA3}.Release|x64.Build.0 = Release|x64
		{2F77A09D-9881-4345-849F-49403D2C3FA3}.Release|x86.ActiveCfg = Release|Win32
		{2F77A09D-9881-4345-849F-49403D2C3FA3}.Release|x86.Build.0 = Release|Win32
		{E355628B-3D13-40C0-AB0D-20FFFEDF4792}.Debug|x64.ActiveCfg = Debug|x64
		{E355628B-3D13-40C0-AB0D-20FFFEDF4792}.Debug|x64.Build.0 = Debug|x64
		{E355628B-3D13-40C0-AB0D-20FFFEDF4792}.Debug|x86.ActiveCfg = Debug|Win32
		{E355628B-3D13-40C0-AB0D-20FFFEDF4792}.Debug|x86.Build.0 = Debug|Win32
		{E355628B-3D13-40C0-AB0D-20FFFEDF4792}.Release|x64.ActiveCfg = Release|x64
		{E355628B-3D13-40C0-AB0D-20FFFEDF4792}.Release|x64.Build.0 = Release|x64
		{E355628B-3D13-40C0-AB0D-20FFFEDF4792}.Release|x86.ActiveCfg = Release|Win32
		{E355628B-3D13-40C0-AB0D-20FFFEDF4792}.Release|x86.Build.0 = Release|Win32
		{6CF78106-B95F-4F72-8936-0B4FCD676DCA}.Debug|x64.ActiveCfg = Debug|x64
		{6CF78106-B95F-4F72-8936-0B4FCD676DCA}.Debug|x64.Build.0 = Debug|x64
		{6CF78106-B95F-4F72-8936-0B4FCD676DCA}.Debug|x86.ActiveCfg = Debug|Win32
		{6CF78106-B95F-4F72-8936-0B4FCD676DCA}.Debug|x86.Build.0 = Debug|Win32
		{6CF78106-B95F-4F72-8936-0B4FCD676DCA}.Release|x64.ActiveCfg = Release|x64
		{6CF78106-B95F-4F72-8936-0B4FCD676DCA}.Release|x64.Build.0 = Release|x64
		{6CF78106-B95F-4F72-8936-0B4FCD676DCA}.Release|x86.ActiveCfg = Release|Win32
		{6CF78106-B95F-4F72-8936-0B4FCD676DCA}.Release|x86.Build.0 = Release|Win32
		{D836757C-33F9-4019-BA31-EE855D787383}.Debug|x64.ActiveCfg = Debug|x64
		{D836757C-33F9-4019-BA31-EE855D787383}.Debug|x64.Build.0 = Debug|x64
		{D836757C-33F9-4019-BA31-EE855D787383}.Debug|x86.ActiveCfg = Debug|Win32
		{D836757C-33F9-4019-BA31-EE855D787383}.Debug|x86.Build.0 = Debug|Win32
		{D836757C-33F9-4019-BA31-EE855D787383}.Release|x64.ActiveCfg = Release|x64
		{D836757C-33F9-4019-BA31-EE855D787383}.Release|x64.Build.0 = Release|x64
		{D836757C-33F9-4019-BA31-EE855D787383}.Release|x86.ActiveCfg = Release|Win32
		{D836757C-33F9-4019-BA31-EE855D787383}.Release|x86.Build.0 = Release|Win32
		{03849BDF-2727-4682-B3E1-6117CB20006C}.Debug|x64.ActiveCfg = Debug|x64
		{03849BDF-2727-4682-B3E1-6117CB20006C}.Debug|x64.Build.0 = Debug|x64
		{03849BDF-2727-4682-B3E1-6117CB20006C}.Debug|x86.ActiveCfg = Debug|Win32
		{03849BDF-2727-4682-B3E1-6117CB20006C}.Debug|x86.Build.0 = Debug|Win32
		{03849BDF-2727-4682-B3E1-6117CB20006C}.Release|x64.ActiveCfg = Release|x64
		{03849BDF-2727-4682-B3E1-6117CB20006C}.Release|x64.Build.0 = Release|x64
		{03849BDF-2727-4682-B3E1-6117CB20006C}.Release|x86.ActiveCfg = Release|Win32
		{03849BDF-2727-4682-B3E1-6117CB20006C}.Release|x86.Build.0 = Release|Win32
		{655AFC93-0FBC-4403-8CF3-5752D70D7FCB}.Debug|x64.ActiveCfg = Debug|x64
		{655AFC93-0FBC-4403-8CF3-5752D70D7FCB}.Debug|x64.Build.0 = Debug|x64
		{655AFC93-0FBC-4403-8CF3-5752D70D7FCB}.Debug|x86.ActiveCfg = Debug|Win32
		{655AFC93-0FBC-4403-8CF3-5752D70D7FCB}.Debug|x86.Build.0 = Debug|Win32
		{655AFC93-0FBC-4403-8CF3-5752D70D7FCB}.Release|x64.ActiveCfg = Release|x64
		{655AFC93-0FBC-4403-8CF3-5752D70D7FCB}.Release|x64.Build.0 = Release|x64
		{655AFC93-0FBC-4403-8CF3-5752D70D7FCB}.Release|x86.ActiveCfg = Release|Win32
		{655AFC93-0FBC-4403-8CF3-5752D70D7FCB}.Release|x86.Build.0 = Release|Win32
		{CF615ED4-7EBB-4E9C-B09E-FC66FD99B2B3}.Debug|x64.ActiveCfg = Debug|x64
		{CF615ED4-7EBB-4E9C-B09E-FC66FD99B2B3}.Debug|x64.Build.0 = Debug|x64
		{CF615ED4-7EBB-4E9C-B09E-FC66FD99B2B3}.Debug|x86.ActiveCfg = Debug|Win32
		{CF615ED4-7EBB-4E9C-B09E-FC66FD99B2B3}.Debug|x86.Build.0 = Debug|Win32
		{CF615ED4-7EBB-4E9C-B09E-FC66FD99B2B3}.Release|x64.ActiveCfg = Release|x64
		{CF615ED4-7EBB-4E9C-B09E-FC66FD99B2B3}.Release|x64.Build.0 = Release|x64
		{CF615ED4-7EBB-4E9C-B09E-FC66FD99B2B3}.Release|x86.ActiveCfg = Release|Win32
		{CF615ED4-7EBB-4E9C-B09E-FC66FD99B2B3}.Release|x86.Build.0 = Release|Win32
		{0DA7BC3B-0CA1-4CCA-9675-04CEFB567C78}.Debug|x64.ActiveCfg = Debug|x64
		{0DA7BC3B-0CA1-4CCA-9675-04CEFB567C78}.Debug|x64.Build.0 = Debug|x64
		{0DA7BC3B-0CA1-4CCA-9675-04CEFB567C78}.Debug|x86.ActiveCfg = Debug|Win32
		{0DA7BC3B-0CA1-4CCA-9675-04CEFB567C78}.Debug|x86.Build.0 = Debug|Win32
		{0DA7BC3B-0CA1-4CCA-9675-04CEFB567C78}.Release|x64.ActiveCfg = Release|x64
		{0DA7BC3B-0CA1-4CCA-9675-04CEFB567C78}.Release|x64.Build.0 = Release|x64
		{0DA7BC3B-0CA1-4CCA-9675-04CEFB567C78}.Release|x86.ActiveCfg = Release|Win32
		{0DA7BC3B-0CA1-4CCA-9675-04CEFB567C78}.Release|x86.Build.0 = Release|Win32
		{C13B48AE-11F3-4C25-8659-FB9832E4D1EB}.Debug|x64.ActiveCfg = Debug|x64
		{C13B48AE-11F3-4C25-8659-FB9832E4D1EB}.Debug|x64.Build.0 = Debug|x64
		{C13B48AE-11F3-4C25-8659-FB9832E4D1EB}.Debug|x86.ActiveCfg = Debug|Win32
		{C13B48AE-11F3-4C25-8659-FB9832E4D1EB}.Debug|x86.Build.0 = Debug|Win32
		{C13B48AE-11F3-4C25-8659-FB9832E4D1EB}.Release|x64.ActiveCfg = Release|x64
		{C13B48AE-11F3-4C25-8659-FB9832E4D1EB}.Release|x64.Build.0 = Release|x64
		{C13B48AE-11F3-4C25-8659-FB9832E4D1EB}.Release|x86.ActiveCfg = Release|Win32
		{C13B48AE-11F3-4C25-8659-FB9832E4D1EB}.Release|x86.Build.0 = Release|Win32
		{A4682C79-A89E-450C-9F8A-495D41B2F23D}.Debug|x64.ActiveCfg = Debug|x64
		{A4682C79-A89E-450C-9F8A-495D41B2F23D}.Debug|x64.Build.0 = Debug|x64
		{A4682C79-A89E-450C-9F8A-495D41B2F23D}.Debug|x86.ActiveCfg = Debug|Win32
		{A4682C79-A89E-450C-9F8A-495D41B2F23D}.Debug|x86.Build.0 = Debug|Win32
		{A4682C79-A89E-450C-9F8A-495D41B2F23D}.Release|x64.ActiveCfg = Release|x64
		{A4682C79-A89E-450C-9F8A-495D41B2F23D}.Release|x64.Build.0 = Release|x64
		{A4682C79-A89E-450C-9F8A-495D41B2F23D}.Release|x86.ActiveCfg = Release|Win32
		{A4682C79-A89E-450C-9F8A-495D41B2F23D}.Release|x86.Build.0 = Release|Win32
		{05F4741D-72AB-4FB5-880D-A941C4E63531}.Debug|x64.ActiveCfg = Debug|x64
		{05F4741D-72AB-4FB5-880D-A941C4E63531}.Debug|x64.Build.0 = Debug|x64
		{05F4741D-72AB-4FB5-880D-A941C4E63531}.Debug|x86.ActiveCfg = Debug|Win32
		{05F4741D-72AB-4FB5-880D-A941C4E63531}.Debug|x86.Build.0 = Debug|Win32
		{05F4741D-72AB-4FB5-880D-A941C4E63531}.Release|x64.ActiveCfg = Release|x64
		{05F4741D-72AB-4FB5-880D-A941C4E63531}.Release|x64.Build.0 = Release|x64
		{05F4741D-72AB-4FB5-880D-A941C4E63531}.Release|x86.ActiveCfg = Release|Win32
		{05F4741D-72AB-4FB5-880D-A941C4E63531}.Release|x86.Build.0 = Release|Win32
		{9A3ADA57-6F05-4F49-8645-4631194E637C}.Debug|x64.ActiveCfg = Debug|x64
		{9A3ADA57-6F05-4F49-8645-4631194E637C}.Debug|x64.Build.0 = Debug|x64
		{9A3ADA57-6F05-4F49-8645-4631194E637C}.Debug|x86.ActiveCfg = Debug|Win32
		{9A3ADA57-6F05-4F49-8645-4631194E637C}.Debug|x86.Build.0 = Debug|Win32
		{9A3ADA57-6F05-4F49-8645-4631194E637C}.Release|x64.ActiveCfg = Release|x64
		{9A3ADA57-6F05-4F49-8645-4631194E637C}.Release|x64.Build.0 = Release|x64
		{9A3ADA57-6F05-4F49-8645-4631194E637C}.Release|x86.ActiveCfg = Release|Win32
		{9A3ADA57-6F05-4F49-8645-4631194E637C}.Release|x86.Build.0 = Release|Win32
		{8CEAE3E5-8F7D-4147-97D9-9905A2153491}.Debug|x64.ActiveCfg = Debug|x64
		{8CEAE3E5-8F7D-4147-97D9-9905A2153491}.Debug|x64.Build.0 = Debug|x64
		{8CEAE3E5-8F7D-4147-97D9-9905A2153491}.Debug|x86.ActiveCfg = Debug|Win32
		{8CEAE3E5-8F7D-4147-97D9-9905A2153491}.Debug|x86.Build.0 = Debug|Win32
		{8CEAE3E5-8F7D-4147-97D9-9905A2153491}.Release|x64.ActiveCfg = Release|x64
		{8CEAE3E5-8F7D-4147-97D9-9905A2153491}.Release|x64.Build.0 = Release|x64
		{8CEAE3E5-8F7D-4147-97D9-9905A2153491}.Release|x86.ActiveCfg = Release|Win32
		{8CEAE3E5-8F7D-4147-97D9-9905A2153491}.Release|x86.Build.0 = Release|Win32
		{AA8FF715-4D5A-4EAC-A80E-8B40E713027C}.Debug|x64.ActiveCfg = Debug|x64
		{AA8FF715-4D5A-4EAC-A80E-8B40E713027C}.Debug|x64.Build.0 = Debug|x64
		{AA8FF715-4D5A-4EAC-A80E-8B40E713027C}.Debug|x86.ActiveCfg = Debug|Win32
		{AA8FF715-4D5A-4EAC-A80E-8B40E713027C}.Debug|x86.Build.0 = Debug|Win32
		{AA8FF715-4D5A-4EAC-A80E-8B40E713027C}.Release|x64.ActiveCfg = Release|x64
		{AA8FF715-4D5A-4EAC-A80E-8B40E713027C}.Release|x64.Build.0 = Release|x64
		{AA8FF715-4D5A-4EAC-A80E-8B40E713027C}.Release|x86.ActiveCfg = Release|Win32
		{AA8FF715-4D5A-4EAC-A80E-8B40E713027C}.Release|x86.Build.0 = Release|Win32
		{D432BF80-378B-4410-8971-DBA1285E8365}.Debug|x64.ActiveCfg = Debug|x64
		{D432BF80-378B-4410-8971-DBA1285E8365}.Debug|x64.Build.0 = Debug|x64
		{D432BF80-378B-4410-8971-DBA1285E8365}.Debug|x86.ActiveCfg = Debug|Win32
		{D432BF80-378B-4410-8971-DBA1285E8365}.Debug|x86.Build.0 = Debug|Win32
		{D432BF80-378B-4410-8971-DBA1285E8365}.Release|x64.ActiveCfg = Release|x64
		{D432BF80-378B-4410-8971-DBA1285E8365}.Release|x64.Build.0 = Release|x64
		{D432BF80-378B-4410-8971-DBA1285E8365}.Release|x86.ActiveCfg = Release|Win32
		{D432BF80-378B-4410-8971-DBA1285E8365}.Release|x86.Build.0 = Release|Win32
		{A0AE4805-8441-4CA1-B365-6D8527B279D0}.Debug|x64.ActiveCfg = Debug|x64
		{A0AE4805-8441-4CA1-B365-6D8527B279D0}.Debug|x64.Build.0 = Debug|x64
		{A0AE4805-8441-4CA1-B365-6D8527B279D0}.Debug|x86.ActiveCfg = Debug|Win32
		{A0AE4805-8441-4CA1-B365-6D8527B279D0}.Debug|x86.Build.0 = Debug|Win32
		{A0AE4805-8441-4CA1-B365-6D8527B279D0}.Release|x64.ActiveCfg = Release|x64
		{A0AE4805-8441-4CA1-B365-6D8527B279D0}.Release|x64.Build.0 = Release|x64
		{A0AE4805-8441-4CA1-B365-6D8527B279D0}.Release|x86.ActiveCfg = Release|Win32
		{A0AE4805-8441-4CA1-B365-6D8527B279D0}.Release|x86.Build.0 = Release|Win32
		{50BD4AB2-6348-4A1E-BD59-2A2F48176160}.Debug|x64.ActiveCfg = Debug|x64
		{50BD4AB2-6348-4A1E-BD59-2A2F48176160}.Debug|x64.Build.0 = Debug|x64
		{50BD4AB2-6348-4A1E-BD59-2A2F48176160}.Debug|x86.ActiveCfg = Debug|Win32
		{50BD4AB2-6348-4A1E-BD59-2A2F48176160}.Debug|x86.Build.0 = Debug|Win32
		{50BD4AB2-6348-4A1E-BD59-2A2F48176160}.Release|x64.ActiveCfg = Release|x64
		{50BD4AB2-6348-4A1E-BD59-2A2F48176160}.Release|x64.Build.0 = Release|x64
		{50BD4AB2-6348-4A1E-BD59-2A2F48176160}.Release|x86.ActiveCfg = Release|Win32
		{50BD4AB2-6348-4A1E-BD59-2A2F48176160}.Release|x86.Build.0 = Release|Win32
		{CF3115DF-FA17-4715-869C-5FDA67FF7746}.Debug|x64.ActiveCfg = Debug|x64
		{CF3115DF-FA17-4715-869C-5FDA67FF7746}.Debug|x64.Build.0 = Debug|x64
		{CF3115DF-FA17-4715-869C-5FDA67FF7746}.Debug|x86.ActiveCfg = Debug|Win32
		{CF3115DF-FA17-4715-869C-5FDA67FF7746}.Debug|x86.Build.0 = Debug|Win32
		{CF3115DF-FA17-4715-869C-5FDA67FF7746}.Release|x64.ActiveCfg = Release|x64
		{CF3115DF-FA17-4715-869C-5FDA67FF7746}.Release|x64.Build.0 = Release|x64
		{CF3115DF-FA17-4715-869C-5FDA67FF7746}.Release|x86.ActiveCfg = Release|Win32
		{CF3115DF-FA17-4715-869C-5FDA67FF7746}.Release|x86.Build.0 = Release|Win32
		{8EBED9BF-058C-4EBA-8799-E02FE09FC223}.Debug|x64.ActiveCfg = Debug|x64
		{8EBED9BF-058C-4EBA-8799-E02FE09FC223}.Debug|x64.Build.0 = Debug|x64
		{8EBED9BF-058C-4EBA-8799-E02FE09FC223}.Debug|x86.ActiveCfg = Debug|Win32
		{8EBED9BF-058C-4EBA-8799-E02FE09FC223}.Debug|x86.Build.0 = Debug|Win32
		{8EBED9BF-058C-4EBA-8799-E02FE09FC223}.Release|x64.ActiveCfg = Release|x64
		{8EBED9BF-058C-4EBA-8799-E02FE09FC223}.Release|x64.Build.0 = Release|x64
		{8EBED9BF-058C-4EBA-8799-E02FE09FC223}.Release|x86.ActiveCfg = Release|Win32
		{8EBED9BF-058C-4EBA-8799-E02FE09FC223}.Release|x86.Build.0 = Release|Win32
		{10FF24B1-8FE3-43A1-B2D3-CF01FBDA969C}.Debug|x64.ActiveCfg = Debug|x64
		{10FF24B1-8FE3-43A1-B2D3-CF01FBDA969C}.Debug|x64.Build.0 = Debug|x64
		{10FF24B1-8FE3-43A1-B2D3-CF01FBDA969C}.Debug|x86.ActiveCfg = Debug|Win32
		{10FF24B1-8FE3-43A1-B2D3-CF01FBDA969C}.Debug|x86.Build.0 = Debug|Win32
		{10FF24B1-8FE3-43A1-B2D3-CF01FBDA969C}.Release|x64.ActiveCfg = Release|x64
		{10FF24B1-8FE3-43A1-B2D3-CF01FBDA969C}.Release|x64.Build.0 = Release|x64
		{10FF24B1-8FE3-43A1-B2D3-CF01FBDA969C}.Release|x86.ActiveCfg = Release|Win32
		{10FF24B1-8FE3-43A1-B2D3-CF01FBDA969C}.Release|x86.Build.0 = Release|Win32
		{80A3E293-4D87-485E-9B0A-85B3CC5172F9}.Debug|x64.ActiveCfg = Debug|x64
		{80A3E293-4D87-485E-9B0A-85B3CC5172F9}.Debug|x64.Build.0 = Debug|x64
		{80A3E293-4D87-485E-9B0A-85B3CC5172F9}.Debug|x86.ActiveCfg = Debug|Win32
		{80A3E293-4D87-485E-9B0A-85B3CC5172F9}.Debug|x86.Build.0 = Debug|Win32
		{80A3E293-4D87-485E-9B0A-85B3CC5172F9}.Release|x64.ActiveCfg = Release|x64
		{80A3E293-4D87-485E-9B0A-85B3CC5172F9}.Release|x64.Build.0 = Release|x64
		{80A3E293-4D87-485E-9B0A-85B3CC5172F9}.Release|x86.ActiveCfg = Release|Win32
		{80A3E293-4D87-485E-9B0A-85B3CC5172F9}.Release|x86.Build.0 = Release|Win32
		{EB03484E-D2A2-45F6-B825-422A46EEB3E3}.Debug|x64.ActiveCfg = Debug|x64
		{EB03484E-D2A2-45F6-B825-422A46EEB3E3}.Debug|x64.Build.0 = Debug|x64
		{EB03484E-D2A2-45F6-B825-422A46EEB3E3}.Debug|x86.ActiveCfg = Debug|Win32
		{EB03484E-D2A2-45F6-B825-422A46EEB3E3}.Debug|x86.Build.0 = Debug|Win32
		{EB03484E-D2A2-45F6-B825-422A46EEB3E3}.Release|x64.ActiveCfg = Release|x64
		{EB03484E-D2A2-45F6-B825-422A46EEB3E3}.Release|x64.Build.0 = Release|x64
		{EB03484E-D2A2-45F6-B825-422A46EEB3E3}.Release|x86.ActiveCfg = Release|Win32
		{EB03484E-D2A2-45F6-B825-422A46EEB3E3}.Release|x86.Build.0 = Release|Win32
		{1B3E936D-5402-48EA-88D2-F5FF3E12B630}.Debug|x64.ActiveCfg = Debug|x64
		{1B3E936D-5402-48EA-88D2-F5FF3E12B630}.Debug|x64.Build.0 = Debug|x64
		{1B3E936D-5402-48EA-88D2-F5FF3E12B630}.Debug|x86.ActiveCfg = Debug|Win32
		{1B3E936D-5402-48EA-88D2-F5FF3E12B630}.Debug|x86.Build.0 = Debug|Win32
		{1B3E936D-5402-48EA-88D2-F5FF3E12B630}.Release|x64.ActiveCfg = Release|x64
		{1B3E936D-5402-48EA-88D2-F5FF3E12B630}.Release|x64.Build.0 = Release|x64
		{1B3E936D-5402-48EA-88D2-F5FF3E12B630}.Release|x86.ActiveCfg = Release|Win32
		{1B3E936D-5402-48EA-88D2-F5FF3E12B630}.Release|x86.Build.0 = Release|Win32
		{E7A46463-CA22-4E7D-83CA-B265CE40F1D4}.Debug|x64.ActiveCfg = Debug|x64
		{E7A46463-CA22-4E7D-83CA-B265CE40F1D4}.Debug|x64.Build.0 = Debug|x64
		{E7A46463-CA22-4E7D-83CA-B265CE40F1D4}.Debug|x86.ActiveCfg = Debug|Win32
		{E7A46463-CA22-4E7D-83CA-B265CE40F1D4}.Debug|x86.Build.0 = Debug|Win32
		{E7A46463-CA22-4E7D-83CA-B265CE40F1D4}.Release|x64.ActiveCfg = Release|x64
		{E7A46463-CA22-4E7D-83CA-B265CE40F1D4}.Release|x64.Build.0 = Release|x64
		{E7A46463-CA22-4E7D-83CA-B265CE40F1D4}.Release|x86.ActiveCfg = Release|Win32
		{E7A46463-CA22-4E7D-83CA-B265CE40F1D4}.Release|x86.Build.0 = Release|Win32
		{B57336AC-027A-48C0-88AD-51BF154C9371}.Debug|x64.ActiveCfg = Debug|x64
		{B57336AC-027A-48C0-88AD-51BF154C9371}.Debug|x64.Build.0 = Debug|x64
		{B57336AC-027A-48C0-88AD-51BF154C9371}.Debug|x86.ActiveCfg = Debug|Win32
		{B57336AC-027A-48C0-88AD-51BF154C9371}.Debug|x86.Build.0 = Debug|Win32
		{B57336AC-027A-48C0-88AD-51BF154C9371}.Release|x64.ActiveCfg = Release|x64
		{B57336AC-027A-48C0-88AD-51BF154C9371}.Release|x64.Build.0 = Release|x64
		{B57336AC-027A-48C0-88AD-51BF154C9371}.Release|x86.ActiveCfg = Release|Win32
		{B57336AC-027A-48C0-88AD-51BF154C9371}.Release|x86.Build.0 = Release|Win32
		{DCB91628-963B-4987-B358-A41C73D3D022}.Debug|x64.ActiveCfg = Debug|x64
		{DCB91628-963B-4987-B358-A41C73D3D022}.Debug|x64.Build.0 = Debug|x64
		{DCB91628-963B-4987-B358-A41C73D3D022}.Debug|x86.ActiveCfg = Debug|Win32
		{DCB91628-963B-4987-B358-A41C73D3D022}.Debug|x86.Build.0 = Debug|Win32
		{DCB91628-963B-4987-B358-A41C73D3D022}.Release|x64.ActiveCfg = Release|x64
		{DCB91628-963B-4987-B358-A41C73D3D022}.Release|x64.Build.0 = Release|x64
		{DCB91628-963B-4987-B358-A41C73D3D022}.Release|x86.ActiveCfg = Release|Win32
		{DCB91628-963B-4987-B358-A41C73D3D022}.Release|x86.Build.0 = Release|Win32
		{5B18E9D2-1427-495F-BA37-60AEA4CE0771}.Debug|x64.ActiveCfg = Debug|x64
		{5B18E9D2-1427-495F-BA37-60AEA4CE0771}.Debug|x64.Build.0 = Debug|x64
		{5B18E9D2-1427-495F-BA37-60AEA4CE0771}.Debug|x86.ActiveCfg = Debug|Win32
		{5B18E9D2-1427-495F-BA37-60AEA4CE0771}.Debug|x86.Build.0 = Debug|Win32
		{5B18E9D2-1427-495F-BA37-60AEA4CE0771}.Release|x64.ActiveCfg = Release|x64
		{5B18E9D2-1427-495F-BA37-60AEA4CE0771}.Release|x64.Build.0 = Release|x64
		{5B18E9D2-1427-495F-BA37-60AEA4CE0771}.Release|x86.ActiveCfg = Release|Win32
		{5B18E9D2-1427-495F-BA37-60AEA4CE0771}.Release|x86.Build.0 = Release|Win32
		{2DFBDFFF-0F06-4D21-8E0F-C3E9269A0431}.Debug|x64.ActiveCfg = Debug|x64
		{2DFBDFFF-0F06-4D21-8E0F-C3E9269A0431}.Debug|x64.Build.0 = Debug|x64
		{2DFBDFFF-0F06-4D21-8E0F-C3E9269A0431}.Debug|x86.ActiveCfg = Debug|Win32
		{2DFBDFFF-0F06-4D21-8E0F-C3E9269A0431}.Debug|x86.Build.0 = Debug|Win32
		{2DFBDFFF-0F06-4D21-8E0F-C3E9269A0431}.Release|x64.ActiveCfg = Release|x64
		{2DFBDFFF-0F06-4D21-8E0F-C3E9269A0431}.Release|x64.Build.0 = Release|x64
		{2DFBDFFF-0F06-4D21-8E0F-C3E9269A0431}.Release|x86.ActiveCfg = Release|Win32
		{2DFBDFFF-0F06-4D21-8E0F-C3E9269A0431}.Release|x86.Build.0 = Release|Win32
		{CA561850-72EC-4BBA-A048-245D90A29F57}.Debug|x64.ActiveCfg = Debug|x64
		{CA561850-72EC-4BBA-A048-245D90A29F57}.Debug|x64.Build.0 = Debug|x64
		{CA561850-72EC-4BBA-A048-245D90A29F57}.Debug|x86.ActiveCfg = Debug|Win32
		{CA561850-72EC-4BBA-A048-245D90A29F57}.Debug|x86.Build.0 = Debug|Win32
		{CA561850-72EC-4BBA-A048-245D90A29F57}.Release|x64.ActiveCfg = Release|x64
		{CA561850-72EC-4BBA-A048-245D90A29F57}.Release|x64.Build.0 = Release|x64
		{CA561850-72EC-4BBA-A048-245D90A29F57}.Release|x86.ActiveCfg = Release|Win32
		{CA561850-72EC-4BBA-A048-245D90A29F57}.Release|x86.Build.0 = Release|Win32
		{606A6D59-128A-466B-B3BC-E03AA07A9E17}.Debug|x64.ActiveCfg = Debug|x64
		{606A6D59-128A-466B-B3BC-E03AA07A9E17}.Debug|x64.Build.0 = Debug|x64
		{606A6D59-128A-466B-B3BC-E03AA07A9E17}.Debug|x86.ActiveCfg = Debug|Win32
		{606A6D59-128A-466B-B3BC-E03AA07A9E17}.Debug|x86.Build.0 = Debug|Win32
		{606A6D59-128A-466B-B3BC-E03AA07A9E17}.Release|x64.ActiveCfg = Release|x64
		{606A6D59-128A-466B-B3BC-E03AA07A9E17}.Release|x64.Build.0 = Release|x64
		{606A6D59-128A-466B-B3BC-E03AA07A9E17}.Release|x86.ActiveCfg = Release|Win32
		{606A6D59-128A-466B-B3BC-E03AA07A9E17}.Release|x86.Build.0 = Release|Win32
		{739E5E3B-FD58-40C5-A9C3-9BB1D61D7B05}.Debug|x64.ActiveCfg = Debug|x64
		{739E5E3B-FD58-40C5-A9C3-9BB1D61D7B05}.Debug|x64.Build.0 = Debug|x64
		{739E5E3B-FD58-40C5-A9C3-9BB1D61D7B05}.Debug|x86.ActiveCfg = Debug|Win32
		{739E5E3B-FD58-40C5-A9C3-9BB1D61D7B05}.Debug|x86.Build.0 = Debug|Win32
		{739E5E3B-FD58-40C5-A9C3-9BB1D61D7B05}.Release|x64.ActiveCfg = Release|x64
		{739E5E3B-FD58-40C5-A9C3-9BB1D61D7B05}.Release|x64.Build.0 = Release|x64
		{739E5E3B-FD58-40C5-A9C3-9BB1D61D7B05}.Release|x86.ActiveCfg = Release|Win32
		{739E5E3B-FD58-40C5-A9C3-9BB1D61D7B05}.Release|x86.Build.0 = Release|Win32
		{6035D8B1-679D-4AD0-A3A5-63682B73CC78}.Debug|x64.ActiveCfg = Debug|x64
		{6035D8B1-679D-4AD0-A3A5-63682B73CC78}.Debug|x64.Build.0 = Debug|x64
		{6035D8B1-679D-4AD0-A3A5-63682B73CC78}.Debug|x86.ActiveCfg = Debug|Win32
		{6035D8B1-679D-4AD0-A3A5-63682B73CC78}.Debug|x86.Build.0 = Debug|Win32
		{6035D8B1-679D-4AD0-A3A5-63682B73CC78}.Release|x64.ActiveCfg = Release|x64
		{6035D8B1-679D-4AD0-A3A5-63682B73CC78}.Release|x64.Build.0 = Release|x64
		{6035D8B1-679D-4AD0-A3A5-63682B73CC78}.Release|x86.ActiveCfg = Release|Win32
		{6035D8B1-679D-4AD0-A3A5-63682B73CC78}.Release|x86.Build.0 = Release|Win32
		{2A740CFE-6D0B-409E-A27C-BE7ABE01DFAA}.Debug|x64.ActiveCfg = Debug|x64
		{2A740CFE-6D0B-409E-A27C-BE7ABE01DFAA}.Debug|x64.Build.0 = Debug|x64
		{2A740CFE-6D0B-409E-A27C-BE7ABE01DFAA}.Debug|x86.ActiveCfg = Debug|Win32
		{2A740CFE-6D0B-409E-A27C-BE7ABE01DFAA}.Debug|x86.Build.0 = Debug|Win32
		{2A740CFE-6D0B-409E-A27C-BE7ABE01DFAA}.Release|x64.ActiveCfg = Release|x64
		{2A740CFE-6D0B-409E-A27C-BE7ABE01DFAA}.Release|x64.Build.0 = Release|x64
		{2A740CFE-6D0B-409E-A27C-BE7ABE01DFAA}.Release|x86.ActiveCfg = Release|Win32
		{2A740CFE-6D0B-409E-A27C-BE7ABE01DFAA}.Release|x86.Build.0 = Release|Win32
		{5494FD89-166A-4EBD-8DED-81C47FB7D0AC}.Debug|x64.ActiveCfg = Debug|x64
		{5494FD89-166A-4EBD-8DED-81C47FB7D0AC}.Debug|x64.Build.0 = Debug|x64
		{5494FD89-166A-4EBD-8DED-81C47FB7D0AC}.Debug|x86.ActiveCfg = Debug|Win32
		{5494FD89-166A-4EBD-8DED-81C47FB7D0AC}.Debug|x86.Build.0 = Debug|Win32
		{5494FD89-166A-4EBD-8DED-81C47FB7D0AC}.Release|x64.ActiveCfg = Release|x64
		{5494FD89-166A-4EBD-8DED-81C47FB7D0AC}.Release|x64.Build.0 = Release|x64
		{5494FD89-166A-4EBD-8DED-81C47FB7D0AC}.Release|x86.ActiveCfg = Release|Win32
		{5494FD89-166A-4EBD-8DED-81C47FB7D0AC}.Release|x86.Build.0 = Release|Win32
		{E33FBBB4-96EB-45E0-BD94-E5F62B1C8E24}.Debug|x64.ActiveCfg = Debug|x64
		{E33FBBB4-96EB-45E0-BD94-E5F62B1C8E24}.Debug|x64.Build.0 = Debug|x64
		{E33FBBB4-96EB-45E0-BD94-E5F62B1C8E24}.Debug|x86.ActiveCfg = Debug|Win32
		{E33FBBB4-96EB-45E0-BD94-E5F62B1C8E24}.Debug|x86.Build.0 = Debug|Win32
		{E33FBBB4-96EB-45E0-BD94-E5F62B1C8E24}.Release|x64.ActiveCfg = Release|x64
		{E33FBBB4-96EB-45E0-BD94-E5F62B1C8E24}.Release|x64.Build.0 = Release|x64
		{E33FBBB4-96EB-45E0-BD94-E5F62B1C8E24}.Release|x86.ActiveCfg = Release|Win32
		{E33FBBB4-96EB-45E0-BD94-E5F62B1C8E24}.Release|x86.Build.0 = Release|Win32
		{D5FBE21D-C809-4758-ACB3-6ECB8B7C100A}.Debug|x64.ActiveCfg = Debug|x64
		{D5FBE21D-C809-4758-ACB3-6ECB8B7C100A}.Debug|x64.Build.0 = Debug|x64
		{D5FBE21D-C809-4758-ACB3-6ECB8B7C100A}.Debug|x86.ActiveCfg = Debug|Win32
		{D5FBE21D-C809-4758-ACB3-6ECB8B7C100A}.Debug|x86.Build.0 = Debug|Win32
		{D5FBE21D-C809-4758-ACB3-6ECB8B7C100A}.Release|x64.ActiveCfg = Release|x64
		{D5FBE21D-C809-4758-ACB3-6ECB8B7C100A}.Release|x64.Build.0 = Release|x64
		{D5FBE21D-C809-4758-ACB3-6ECB8B7C100A}.Release|x86.ActiveCfg = Release|Win32
		{D5FBE21D-C809-4758-ACB3-6ECB8B7C100A}.Release|x86.Build.0 = Release|Win32
		{2A62BE52-53A0-47AC-8894-4431442B745A}.Debug|x64.ActiveCfg = Debug|x64
		{2A62BE52-53A0-47AC-8894-4431442B745A}.Debug|x64.Build.0 = Debug|x64
		{2A62BE52-53A0-47AC-8894-4431442B745A}.Debug|x86.ActiveCfg = Debug|Win32
		{2A62BE52-53A0-47AC-8894-4431442B745A}.Debug|x86.Build.0 = Debug|Win32
		{2A62BE52-53A0-47AC-8894-4431442B745A}.Release|x64.ActiveCfg = Release|x64
		{2A62BE52-53A0-47AC-8894-4431442B745A}.Release|x64.Build.0 = Release|x64
		{2A62BE52-53A0-47AC-8894-4431442B745A}.Release|x86.ActiveCfg = Release|Win32
		{2A62BE52-53A0-47AC-8894-4431442B745A}.Release|x86.Build.0 = Release|Win32
		{57B5B8B5-411C-4400-8AF7-0251CD422FA3}.Debug|x64.ActiveCfg = Debug|x64
		{57B5B8B5-411C-4400-8AF7-0251CD422FA3}.Debug|x64.Build.0 = Debug|x64
		{57B5B8B5-411C-4400-8AF7-0251CD422FA3}.Debug|x86.ActiveCfg = Debug|Win32
		{57B5B8B5-411C-4400-8AF7-0251CD422FA3}.Debug|x86.Build.0 = Debug|Win32
		{57B5B8B5-411C-4400-8AF7-0251CD422FA3}.Release|x64.ActiveCfg = Release|x64
		{57B5B8B5-411C-4400-8AF7-0251CD422FA3}.Release|x64.Build.0 = Release|x64
		{57B5B8B5-411C-4400-8AF7-0251CD422FA3}.Release|x86.ActiveCfg = Release|Win32
		{57B5B8B5-411C-4400-8AF7-0251CD422FA3}.Release|x86.Build.0 = Release|Win32
		{FCD42439-741A-4C59-A3BF-FB73292EA597}.Debug|x64.ActiveCfg = Debug|x64
		{FCD42439-741A-4C59-A3BF-FB73292EA597}.Debug|x64.Build.0 = Debug|x64
		{FCD42439-741A-4C59-A3BF-FB73292EA597}.Debug|x86.ActiveCfg = Debug|Win32
		{FCD42439-741A-4C59-A3BF-FB73292EA597}.Debug|x86.Build.0 = Debug|Win32
		{FCD42439-741A-4C59-A3BF-FB73292EA597}.Release|x64.ActiveCfg = Release|x64
		{FCD42439-741A-4C59-A3BF-FB73292EA597}.Release|x64.Build.0 = Release|x64
		{FCD42439-741A-4C59-A3BF-FB73292EA597}.Release|x86.ActiveCfg = Release|Win32
		{FCD42439-741A-4C59-A3BF-FB73292EA597}.Release|x86.Build.0 = Release|Win32
		{C1DD6529-423A-4422-BA15-5B0481647ABC}.Debug|x64.ActiveCfg = Debug|x64
		{C1DD6529-423A-4422-BA15-5B0481647ABC}.Debug|x64.Build.0 = Debug|x64
		{C1DD6529-423A-4422-BA15-5B0481647ABC}.Debug|x86.ActiveCfg = Debug|Win32
		{C1DD6529-423A-4422-BA15-5B0481647ABC}.Debug|x86.Build.0 = Debug|Win32
		{C1DD6529-423A-4422-BA15-5B0481647ABC}.Release|x64.ActiveCfg = Release|x64
		{C1DD6529-423A-4422-BA15-5B0481647ABC}.Release|x64.Build.0 = Release|x64
		{C1DD6529-423A-4422-BA15-5B0481647ABC}.Release|x86.ActiveCfg = Release|Win32
		{C1DD6529-423A-4422-BA15-5B0481647ABC}.Release|x86.Build.0 = Release|Win32
		{793AA063-CCFD-46E1-8DF8-27FDD4052868}.Debug|x64.ActiveCfg = Debug|x64
		{793AA063-CCFD-46E1-8DF8-27FDD4052868}.Debug|x64.Build.0 = Debug|x64
		{793AA063-CCFD-46E1-8DF8-27FDD4052868}.Debug|x86.ActiveCfg = Debug|Win32
		{793AA063-CCFD-46E1-8DF8-27FDD4052868}.Debug|x86.Build.0 = Debug|Win32
		{793AA063-CCFD-46E1-8DF8-27FDD4052868}.Release|x64.ActiveCfg = Release|x64
		{793AA063-CCFD-46E1-8DF8-27FDD4052868}.Release|x64.Build.0 = Release|x64
		{793AA063-CCFD-46E1-8DF8-27FDD4052868}.Release|x86.ActiveCfg = Release|Win32
		{793AA063-CCFD-46E1-8DF8-27FDD4052868}.Release|x86.Build.0 = Release|Win32
	EndGlobalSection
	GlobalSection(SolutionProperties) = preSolution
		HideSolutionNode = FALSE
	EndGlobalSection
	GlobalSection(NestedProjects) = preSolution
		{4484443A-A575-43E8-96A0-538A445C016C} = {E4D801CD-1A07-4F20-ABD7-8733234035B6}
		{DDC0C43A-9BC7-488A-9BBB-933BFF055A10} = {D84FDA84-6153-46A2-936C-EF3E864A493B}
		{4019E6F6-D129-4D67-A1CB-83718D9BC576} = {D84FDA84-6153-46A2-936C-EF3E864A493B}
		{2BFD535E-2DD5-48A8-98EC-06C1E16FE3C6} = {D84FDA84-6153-46A2-936C-EF3E864A493B}
		{18BFC512-1F2C-4174-9084-2320086523B1} = {D84FDA84-6153-46A2-936C-EF3E864A493B}
		{0E97C3B7-B832-41CC-B0B4-A23617695A73} = {87772DCB-F804-4163-9D64-A773E7173EAE}
		{26F67E65-B323-4CEF-9353-391D6C5960AB} = {87772DCB-F804-4163-9D64-A773E7173EAE}
		{3CD585F0-595E-4C47-9AF8-C49CC9E4CCA6} = {A5B2CA18-2802-4A8A-B5A4-EF53D4F8384D}
		{2D64997F-A3B2-4EED-9EC9-DFBE718219B8} = {A5B2CA18-2802-4A8A-B5A4-EF53D4F8384D}
		{FF45B3A0-D2D7-4BE1-9F12-44223AEB5776} = {B7E0765E-33E2-42FC-9A80-CC5679BC3ADE}
		{1F3A136C-8B5F-4C84-BF31-63A7911BABBD} = {B7E0765E-33E2-42FC-9A80-CC5679BC3ADE}
		{2F77A09D-9881-4345-849F-49403D2C3FA3} = {B7E0765E-33E2-42FC-9A80-CC5679BC3ADE}
		{E355628B-3D13-40C0-AB0D-20FFFEDF4792} = {BCDED958-7D61-426C-888B-C2F6508D0E66}
		{6CF78106-B95F-4F72-8936-0B4FCD676DCA} = {BCDED958-7D61-426C-888B-C2F6508D0E66}
		{D836757C-33F9-4019-BA31-EE855D787383} = {BCDED958-7D61-426C-888B-C2F6508D0E66}
		{03849BDF-2727-4682-B3E1-6117CB20006C} = {306977F3-A020-4948-93D1-082ACEF59B4F}
		{655AFC93-0FBC-4403-8CF3-5752D70D7FCB} = {306977F3-A020-4948-93D1-082ACEF59B4F}
		{CF615ED4-7EBB-4E9C-B09E-FC66FD99B2B3} = {306977F3-A020-4948-93D1-082ACEF59B4F}
		{0DA7BC3B-0CA1-4CCA-9675-04CEFB567C78} = {306977F3-A020-4948-93D1-082ACEF59B4F}
		{C13B48AE-11F3-4C25-8659-FB9832E4D1EB} = {306977F3-A020-4948-93D1-082ACEF59B4F}
		{A4682C79-A89E-450C-9F8A-495D41B2F23D} = {306977F3-A020-4948-93D1-082ACEF59B4F}
		{05F4741D-72AB-4FB5-880D-A941C4E63531} = {306977F3-A020-4948-93D1-082ACEF59B4F}
		{9A3ADA57-6F05-4F49-8645-4631194E637C} = {306977F3-A020-4948-93D1-082ACEF59B4F}
		{8CEAE3E5-8F7D-4147-97D9-9905A2153491} = {306977F3-A020-4948-93D1-082ACEF59B4F}
		{AA8FF715-4D5A-4EAC-A80E-8B40E713027C} = {306977F3-A020-4948-93D1-082ACEF59B4F}
		{E4D801CD-1A07-4F20-ABD7-8733234035B6} = {410C3D33-3E87-49F0-93FC-BB9C83F78D1A}
		{D84FDA84-6153-46A2-936C-EF3E864A493B} = {410C3D33-3E87-49F0-93FC-BB9C83F78D1A}
		{A5B2CA18-2802-4A8A-B5A4-EF53D4F8384D} = {410C3D33-3E87-49F0-93FC-BB9C83F78D1A}
		{306977F3-A020-4948-93D1-082ACEF59B4F} = {410C3D33-3E87-49F0-93FC-BB9C83F78D1A}
		{87772DCB-F804-4163-9D64-A773E7173EAE} = {C379BA3E-F1AA-41DC-BA40-086663E5342B}
		{B7E0765E-33E2-42FC-9A80-CC5679BC3ADE} = {C379BA3E-F1AA-41DC-BA40-086663E5342B}
		{BCDED958-7D61-426C-888B-C2F6508D0E66} = {C379BA3E-F1AA-41DC-BA40-086663E5342B}
		{C16984CD-B87E-4112-9236-EC85D022F7C5} = {410C3D33-3E87-49F0-93FC-BB9C83F78D1A}
		{D432BF80-378B-4410-8971-DBA1285E8365} = {C16984CD-B87E-4112-9236-EC85D022F7C5}
		{A0AE4805-8441-4CA1-B365-6D8527B279D0} = {C16984CD-B87E-4112-9236-EC85D022F7C5}
		{50BD4AB2-6348-4A1E-BD59-2A2F48176160} = {C16984CD-B87E-4112-9236-EC85D022F7C5}
		{CF3115DF-FA17-4715-869C-5FDA67FF7746} = {C16984CD-B87E-4112-9236-EC85D022F7C5}
		{8EBED9BF-058C-4EBA-8799-E02FE09FC223} = {C16984CD-B87E-4112-9236-EC85D022F7C5}
		{10FF24B1-8FE3-43A1-B2D3-CF01FBDA969C} = {C16984CD-B87E-4112-9236-EC85D022F7C5}
		{80A3E293-4D87-485E-9B0A-85B3CC5172F9} = {C16984CD-B87E-4112-9236-EC85D022F7C5}
		{EB03484E-D2A2-45F6-B825-422A46EEB3E3} = {C16984CD-B87E-4112-9236-EC85D022F7C5}
		{065FE6EA-E32F-4878-BD83-6F1FB916C757} = {410C3D33-3E87-49F0-93FC-BB9C83F78D1A}
		{1B3E936D-5402-48EA-88D2-F5FF3E12B630} = {065FE6EA-E32F-4878-BD83-6F1FB916C757}
		{E7A46463-CA22-4E7D-83CA-B265CE40F1D4} = {065FE6EA-E32F-4878-BD83-6F1FB916C757}
		{B57336AC-027A-48C0-88AD-51BF154C9371} = {065FE6EA-E32F-4878-BD83-6F1FB916C757}
		{DCB91628-963B-4987-B358-A41C73D3D022} = {630B7AF8-7639-40E3-8A73-8E3503A1E850}
		{5B18E9D2-1427-495F-BA37-60AEA4CE0771} = {630B7AF8-7639-40E3-8A73-8E3503A1E850}
		{2DFBDFFF-0F06-4D21-8E0F-C3E9269A0431} = {630B7AF8-7639-40E3-8A73-8E3503A1E850}
		{CA561850-72EC-4BBA-A048-245D90A29F57} = {630B7AF8-7639-40E3-8A73-8E3503A1E850}
		{606A6D59-128A-466B-B3BC-E03AA07A9E17} = {630B7AF8-7639-40E3-8A73-8E3503A1E850}
		{739E5E3B-FD58-40C5-A9C3-9BB1D61D7B05} = {630B7AF8-7639-40E3-8A73-8E3503A1E850}
		{CE14E0C7-B27F-4A4C-8247-380A757A1C8C} = {C379BA3E-F1AA-41DC-BA40-086663E5342B}
		{6035D8B1-679D-4AD0-A3A5-63682B73CC78} = {CE14E0C7-B27F-4A4C-8247-380A757A1C8C}
		{2A740CFE-6D0B-409E-A27C-BE7ABE01DFAA} = {CE14E0C7-B27F-4A4C-8247-380A757A1C8C}
		{5494FD89-166A-4EBD-8DED-81C47FB7D0AC} = {CE14E0C7-B27F-4A4C-8247-380A757A1C8C}
		{BF359756-97AC-4EFB-9D4F-07D85DB39474} = {C379BA3E-F1AA-41DC-BA40-086663E5342B}
		{E33FBBB4-96EB-45E0-BD94-E5F62B1C8E24} = {BF359756-97AC-4EFB-9D4F-07D85DB39474}
		{D5FBE21D-C809-4758-ACB3-6ECB8B7C100A} = {BF359756-97AC-4EFB-9D4F-07D85DB39474}
		{85FC4540-BFB2-43EF-BE38-602A660CAA55} = {410C3D33-3E87-49F0-93FC-BB9C83F78D1A}
		{2A62BE52-53A0-47AC-8894-4431442B745A} = {85FC4540-BFB2-43EF-BE38-602A660CAA55}
		{5728D5B4-601A-4EF6-B8F2-9A1B75C45710} = {C379BA3E-F1AA-41DC-BA40-086663E5342B}
		{57B5B8B5-411C-4400-8AF7-0251CD422FA3} = {5728D5B4-601A-4EF6-B8F2-9A1B75C45710}
		{FCD42439-741A-4C59-A3BF-FB73292EA597} = {5728D5B4-601A-4EF6-B8F2-9A1B75C45710}
		{C1DD6529-423A-4422-BA15-5B0481647ABC} = {85FC4540-BFB2-43EF-BE38-602A660CAA55}
		{793AA063-CCFD-46E1-8DF8-27FDD4052868} = {85FC4540-BFB2-43EF-BE38-602A660CAA55}
	EndGlobalSection
	GlobalSection(ExtensibilityGlobals) = postSolution
		SolutionGuid = {22E23BF5-AA58-43FE-B1F7-504EA5D88693}
	EndGlobalSection
EndGlobal
