
Microsoft Visual Studio Solution File, Format Version 12.00
# Visual Studio 15
VisualStudioVersion = 15.0.26730.15
MinimumVisualStudioVersion = 10.0.40219.1
Project("{8BC9CEB8-8B4A-11D0-8D11-00A0C91BC942}") = "1-1 (Hallo Welt)", "GIP Projekte\GIP Projekte.vcxproj", "{4484443A-A575-43E8-96A0-538A445C016C}"
EndProject
Project("{8BC9CEB8-8B4A-11D0-8D11-00A0C91BC942}") = "2-1 (Quadratberechnung)", "2-1\2-1.vcxproj", "{DDC0C43A-9BC7-488A-9BBB-933BFF055A10}"
EndProject
Project("{8BC9CEB8-8B4A-11D0-8D11-00A0C91BC942}") = "2-2 (Stimmenberechnung)", "2-2 (Stimmenberechnung)\2-2 (Stimmenberechnung).vcxproj", "{4019E6F6-D129-4D67-A1CB-83718D9BC576}"
EndProject
Project("{8BC9CEB8-8B4A-11D0-8D11-00A0C91BC942}") = "2-3 (Uhrzeitdifferenz)", "2-3 (Uhrzeitdifferenz)\2-3 (Uhrzeitdifferenz).vcxproj", "{2BFD535E-2DD5-48A8-98EC-06C1E16FE3C6}"
EndProject
Project("{8BC9CEB8-8B4A-11D0-8D11-00A0C91BC942}") = "2-4 (Case-Change)", "2-4 (Case-Change)\2-4 (Case-Change).vcxproj", "{18BFC512-1F2C-4174-9084-2320086523B1}"
EndProject
Project("{2150E333-8FDC-42A3-9474-1A3956D46DE8}") = "Offline-Aufgaben", "Offline-Aufgaben", "{410C3D33-3E87-49F0-93FC-BB9C83F78D1A}"
EndProject
Project("{2150E333-8FDC-42A3-9474-1A3956D46DE8}") = "Praktikum", "Praktikum", "{C379BA3E-F1AA-41DC-BA40-086663E5342B}"
EndProject
Project("{8BC9CEB8-8B4A-11D0-8D11-00A0C91BC942}") = "2-1 (Position im Alphabet)", "2-1 (Position im Alphabet)\2-1 (Position im Alphabet).vcxproj", "{0E97C3B7-B832-41CC-B0B4-A23617695A73}"
EndProject
Project("{8BC9CEB8-8B4A-11D0-8D11-00A0C91BC942}") = "2-5 (Umwandlung)", "2-5 (Umwandlung)\2-5 (Umwandlung).vcxproj", "{26F67E65-B323-4CEF-9353-391D6C5960AB}"
EndProject
Project("{8BC9CEB8-8B4A-11D0-8D11-00A0C91BC942}") = "3-2 (Grüßen gemäß Tageszeit)", "3-2 (Grüßen gemäß Tageszeit)\3-2 (Grüßen gemäß Tageszeit).vcxproj", "{3CD585F0-595E-4C47-9AF8-C49CC9E4CCA6}"
EndProject
Project("{8BC9CEB8-8B4A-11D0-8D11-00A0C91BC942}") = "3-1 (Überprüfung Kleinbuchstabe)", "3-1 (Überprüfung Kleinbuchstabe)\3-1 (Überprüfung Kleinbuchstabe).vcxproj", "{2D64997F-A3B2-4EED-9EC9-DFBE718219B8}"
EndProject
Global
	GlobalSection(SolutionConfigurationPlatforms) = preSolution
		Debug|x64 = Debug|x64
		Debug|x86 = Debug|x86
		Release|x64 = Release|x64
		Release|x86 = Release|x86
	EndGlobalSection
	GlobalSection(ProjectConfigurationPlatforms) = postSolution
		{4484443A-A575-43E8-96A0-538A445C016C}.Debug|x64.ActiveCfg = Debug|x64
		{4484443A-A575-43E8-96A0-538A445C016C}.Debug|x64.Build.0 = Debug|x64
		{4484443A-A575-43E8-96A0-538A445C016C}.Debug|x86.ActiveCfg = Debug|Win32
		{4484443A-A575-43E8-96A0-538A445C016C}.Debug|x86.Build.0 = Debug|Win32
		{4484443A-A575-43E8-96A0-538A445C016C}.Release|x64.ActiveCfg = Release|x64
		{4484443A-A575-43E8-96A0-538A445C016C}.Release|x64.Build.0 = Release|x64
		{4484443A-A575-43E8-96A0-538A445C016C}.Release|x86.ActiveCfg = Release|Win32
		{4484443A-A575-43E8-96A0-538A445C016C}.Release|x86.Build.0 = Release|Win32
		{DDC0C43A-9BC7-488A-9BBB-933BFF055A10}.Debug|x64.ActiveCfg = Debug|x64
		{DDC0C43A-9BC7-488A-9BBB-933BFF055A10}.Debug|x64.Build.0 = Debug|x64
		{DDC0C43A-9BC7-488A-9BBB-933BFF055A10}.Debug|x86.ActiveCfg = Debug|Win32
		{DDC0C43A-9BC7-488A-9BBB-933BFF055A10}.Debug|x86.Build.0 = Debug|Win32
		{DDC0C43A-9BC7-488A-9BBB-933BFF055A10}.Release|x64.ActiveCfg = Release|x64
		{DDC0C43A-9BC7-488A-9BBB-933BFF055A10}.Release|x64.Build.0 = Release|x64
		{DDC0C43A-9BC7-488A-9BBB-933BFF055A10}.Release|x86.ActiveCfg = Release|Win32
		{DDC0C43A-9BC7-488A-9BBB-933BFF055A10}.Release|x86.Build.0 = Release|Win32
		{4019E6F6-D129-4D67-A1CB-83718D9BC576}.Debug|x64.ActiveCfg = Debug|x64
		{4019E6F6-D129-4D67-A1CB-83718D9BC576}.Debug|x64.Build.0 = Debug|x64
		{4019E6F6-D129-4D67-A1CB-83718D9BC576}.Debug|x86.ActiveCfg = Debug|Win32
		{4019E6F6-D129-4D67-A1CB-83718D9BC576}.Debug|x86.Build.0 = Debug|Win32
		{4019E6F6-D129-4D67-A1CB-83718D9BC576}.Release|x64.ActiveCfg = Release|x64
		{4019E6F6-D129-4D67-A1CB-83718D9BC576}.Release|x64.Build.0 = Release|x64
		{4019E6F6-D129-4D67-A1CB-83718D9BC576}.Release|x86.ActiveCfg = Release|Win32
		{4019E6F6-D129-4D67-A1CB-83718D9BC576}.Release|x86.Build.0 = Release|Win32
		{2BFD535E-2DD5-48A8-98EC-06C1E16FE3C6}.Debug|x64.ActiveCfg = Debug|x64
		{2BFD535E-2DD5-48A8-98EC-06C1E16FE3C6}.Debug|x64.Build.0 = Debug|x64
		{2BFD535E-2DD5-48A8-98EC-06C1E16FE3C6}.Debug|x86.ActiveCfg = Debug|Win32
		{2BFD535E-2DD5-48A8-98EC-06C1E16FE3C6}.Debug|x86.Build.0 = Debug|Win32
		{2BFD535E-2DD5-48A8-98EC-06C1E16FE3C6}.Release|x64.ActiveCfg = Release|x64
		{2BFD535E-2DD5-48A8-98EC-06C1E16FE3C6}.Release|x64.Build.0 = Release|x64
		{2BFD535E-2DD5-48A8-98EC-06C1E16FE3C6}.Release|x86.ActiveCfg = Release|Win32
		{2BFD535E-2DD5-48A8-98EC-06C1E16FE3C6}.Release|x86.Build.0 = Release|Win32
		{18BFC512-1F2C-4174-9084-2320086523B1}.Debug|x64.ActiveCfg = Debug|x64
		{18BFC512-1F2C-4174-9084-2320086523B1}.Debug|x64.Build.0 = Debug|x64
		{18BFC512-1F2C-4174-9084-2320086523B1}.Debug|x86.ActiveCfg = Debug|Win32
		{18BFC512-1F2C-4174-9084-2320086523B1}.Debug|x86.Build.0 = Debug|Win32
		{18BFC512-1F2C-4174-9084-2320086523B1}.Release|x64.ActiveCfg = Release|x64
		{18BFC512-1F2C-4174-9084-2320086523B1}.Release|x64.Build.0 = Release|x64
		{18BFC512-1F2C-4174-9084-2320086523B1}.Release|x86.ActiveCfg = Release|Win32
		{18BFC512-1F2C-4174-9084-2320086523B1}.Release|x86.Build.0 = Release|Win32
		{0E97C3B7-B832-41CC-B0B4-A23617695A73}.Debug|x64.ActiveCfg = Debug|x64
		{0E97C3B7-B832-41CC-B0B4-A23617695A73}.Debug|x64.Build.0 = Debug|x64
		{0E97C3B7-B832-41CC-B0B4-A23617695A73}.Debug|x86.ActiveCfg = Debug|Win32
		{0E97C3B7-B832-41CC-B0B4-A23617695A73}.Debug|x86.Build.0 = Debug|Win32
		{0E97C3B7-B832-41CC-B0B4-A23617695A73}.Release|x64.ActiveCfg = Release|x64
		{0E97C3B7-B832-41CC-B0B4-A23617695A73}.Release|x64.Build.0 = Release|x64
		{0E97C3B7-B832-41CC-B0B4-A23617695A73}.Release|x86.ActiveCfg = Release|Win32
		{0E97C3B7-B832-41CC-B0B4-A23617695A73}.Release|x86.Build.0 = Release|Win32
		{26F67E65-B323-4CEF-9353-391D6C5960AB}.Debug|x64.ActiveCfg = Debug|x64
		{26F67E65-B323-4CEF-9353-391D6C5960AB}.Debug|x64.Build.0 = Debug|x64
		{26F67E65-B323-4CEF-9353-391D6C5960AB}.Debug|x86.ActiveCfg = Debug|Win32
		{26F67E65-B323-4CEF-9353-391D6C5960AB}.Debug|x86.Build.0 = Debug|Win32
		{26F67E65-B323-4CEF-9353-391D6C5960AB}.Release|x64.ActiveCfg = Release|x64
		{26F67E65-B323-4CEF-9353-391D6C5960AB}.Release|x64.Build.0 = Release|x64
		{26F67E65-B323-4CEF-9353-391D6C5960AB}.Release|x86.ActiveCfg = Release|Win32
		{26F67E65-B323-4CEF-9353-391D6C5960AB}.Release|x86.Build.0 = Release|Win32
		{3CD585F0-595E-4C47-9AF8-C49CC9E4CCA6}.Debug|x64.ActiveCfg = Debug|x64
		{3CD585F0-595E-4C47-9AF8-C49CC9E4CCA6}.Debug|x64.Build.0 = Debug|x64
		{3CD585F0-595E-4C47-9AF8-C49CC9E4CCA6}.Debug|x86.ActiveCfg = Debug|Win32
		{3CD585F0-595E-4C47-9AF8-C49CC9E4CCA6}.Debug|x86.Build.0 = Debug|Win32
		{3CD585F0-595E-4C47-9AF8-C49CC9E4CCA6}.Release|x64.ActiveCfg = Release|x64
		{3CD585F0-595E-4C47-9AF8-C49CC9E4CCA6}.Release|x64.Build.0 = Release|x64
		{3CD585F0-595E-4C47-9AF8-C49CC9E4CCA6}.Release|x86.ActiveCfg = Release|Win32
		{3CD585F0-595E-4C47-9AF8-C49CC9E4CCA6}.Release|x86.Build.0 = Release|Win32
		{2D64997F-A3B2-4EED-9EC9-DFBE718219B8}.Debug|x64.ActiveCfg = Debug|x64
		{2D64997F-A3B2-4EED-9EC9-DFBE718219B8}.Debug|x64.Build.0 = Debug|x64
		{2D64997F-A3B2-4EED-9EC9-DFBE718219B8}.Debug|x86.ActiveCfg = Debug|Win32
		{2D64997F-A3B2-4EED-9EC9-DFBE718219B8}.Debug|x86.Build.0 = Debug|Win32
		{2D64997F-A3B2-4EED-9EC9-DFBE718219B8}.Release|x64.ActiveCfg = Release|x64
		{2D64997F-A3B2-4EED-9EC9-DFBE718219B8}.Release|x64.Build.0 = Release|x64
		{2D64997F-A3B2-4EED-9EC9-DFBE718219B8}.Release|x86.ActiveCfg = Release|Win32
		{2D64997F-A3B2-4EED-9EC9-DFBE718219B8}.Release|x86.Build.0 = Release|Win32
	EndGlobalSection
	GlobalSection(SolutionProperties) = preSolution
		HideSolutionNode = FALSE
	EndGlobalSection
	GlobalSection(NestedProjects) = preSolution
		{4484443A-A575-43E8-96A0-538A445C016C} = {410C3D33-3E87-49F0-93FC-BB9C83F78D1A}
		{DDC0C43A-9BC7-488A-9BBB-933BFF055A10} = {410C3D33-3E87-49F0-93FC-BB9C83F78D1A}
		{4019E6F6-D129-4D67-A1CB-83718D9BC576} = {410C3D33-3E87-49F0-93FC-BB9C83F78D1A}
		{2BFD535E-2DD5-48A8-98EC-06C1E16FE3C6} = {410C3D33-3E87-49F0-93FC-BB9C83F78D1A}
		{18BFC512-1F2C-4174-9084-2320086523B1} = {410C3D33-3E87-49F0-93FC-BB9C83F78D1A}
		{0E97C3B7-B832-41CC-B0B4-A23617695A73} = {C379BA3E-F1AA-41DC-BA40-086663E5342B}
		{26F67E65-B323-4CEF-9353-391D6C5960AB} = {C379BA3E-F1AA-41DC-BA40-086663E5342B}
		{3CD585F0-595E-4C47-9AF8-C49CC9E4CCA6} = {410C3D33-3E87-49F0-93FC-BB9C83F78D1A}
		{2D64997F-A3B2-4EED-9EC9-DFBE718219B8} = {410C3D33-3E87-49F0-93FC-BB9C83F78D1A}
	EndGlobalSection
	GlobalSection(ExtensibilityGlobals) = postSolution
		SolutionGuid = {22E23BF5-AA58-43FE-B1F7-504EA5D88693}
	EndGlobalSection
EndGlobal
